
Microsoft Visual Studio Solution File, Format Version 12.00
# Visual Studio Version 17
VisualStudioVersion = 17.12.35707.178 d17.12
MinimumVisualStudioVersion = 10.0.40219.1
Project("{FAE04EC0-301F-11D3-BF4B-00C04F79EFBC}") = "OutlookCalendarAvailability", "OutlookCalendarAvailability\OutlookCalendarAvailability.csproj", "{09C6BEEC-C31A-41D2-9A71-8DE4B934A04E}"
EndProject
Global
	GlobalSection(SolutionConfigurationPlatforms) = preSolution
		Debug|Any CPU = Debug|Any CPU
		Release|Any CPU = Release|Any CPU
	EndGlobalSection
	GlobalSection(ProjectConfigurationPlatforms) = postSolution
		{09C6BEEC-C31A-41D2-9A71-8DE4B934A04E}.Debug|Any CPU.ActiveCfg = Debug|Any CPU
		{09C6BEEC-C31A-41D2-9A71-8DE4B934A04E}.Debug|Any CPU.Build.0 = Debug|Any CPU
		{09C6BEEC-C31A-41D2-9A71-8DE4B934A04E}.Release|Any CPU.ActiveCfg = Release|Any CPU
		{09C6BEEC-C31A-41D2-9A71-8DE4B934A04E}.Release|Any CPU.Build.0 = Release|Any CPU
	EndGlobalSection
	GlobalSection(SolutionProperties) = preSolution
		HideSolutionNode = FALSE
	EndGlobalSection
EndGlobal
